
Microsoft Visual Studio Solution File, Format Version 12.00
# Visual Studio 15
VisualStudioVersion = 15.0.27428.2037
MinimumVisualStudioVersion = 10.0.40219.1
Project("{FAE04EC0-301F-11D3-BF4B-00C04F79EFBC}") = "Generics", "Generics\Generics.csproj", "{CEB2F1E3-5891-4D16-A2CE-E87909D2F9A0}"
EndProject
Global
	GlobalSection(SolutionConfigurationPlatforms) = preSolution
		Debug|Any CPU = Debug|Any CPU
		Release|Any CPU = Release|Any CPU
	EndGlobalSection
	GlobalSection(ProjectConfigurationPlatforms) = postSolution
		{CEB2F1E3-5891-4D16-A2CE-E87909D2F9A0}.Debug|Any CPU.ActiveCfg = Debug|Any CPU
		{CEB2F1E3-5891-4D16-A2CE-E87909D2F9A0}.Debug|Any CPU.Build.0 = Debug|Any CPU
		{CEB2F1E3-5891-4D16-A2CE-E87909D2F9A0}.Release|Any CPU.ActiveCfg = Release|Any CPU
		{CEB2F1E3-5891-4D16-A2CE-E87909D2F9A0}.Release|Any CPU.Build.0 = Release|Any CPU
	EndGlobalSection
	GlobalSection(SolutionProperties) = preSolution
		HideSolutionNode = FALSE
	EndGlobalSection
	GlobalSection(ExtensibilityGlobals) = postSolution
		SolutionGuid = {22563F6E-4D44-409B-8563-57B1670BE7EC}
	EndGlobalSection
EndGlobal
